<?xml version="1.0" encoding="utf-8"?>
<Project ToolsVersion="4.0" xmlns="http://schemas.microsoft.com/developer/msbuild/2003">
  <ItemGroup>
    <Filter Include="Source Files">
      <UniqueIdentifier>{4FC737F1-C7A5-4376-A066-2A32D752A2FF}</UniqueIdentifier>
      <Extensions>cpp;c;cc;cxx;def;odl;idl;hpj;bat;asm;asmx</Extensions>
    </Filter>
    <Filter Include="Header Files">
      <UniqueIdentifier>{93995380-89BD-4b04-88EB-625FBE52EBFB}</UniqueIdentifier>
      <Extensions>h;hpp;hxx;hm;inl;inc;xsd</Extensions>
    </Filter>
    <Filter Include="Resource Files">
      <UniqueIdentifier>{67DA6AB6-F800-4c08-8B7A-83BB121AAD01}</UniqueIdentifier>
      <Extensions>rc;ico;cur;bmp;dlg;rc2;rct;bin;rgs;gif;jpg;jpeg;jpe;resx;tiff;tif;png;wav;mfcribbon-ms</Extensions>
    </Filter>
    <Filter Include="Headers">
      <UniqueIdentifier>{e156e7d5-89ec-485c-8ee6-66e018ccd01f}</UniqueIdentifier>
    </Filter>
    <Filter Include="Source">
      <UniqueIdentifier>{a291ca77-eed5-4fe2-aaad-16fb29af6cc3}</UniqueIdentifier>
    </Filter>
  </ItemGroup>
  <ItemGroup>
    <None Include="ReadMe.txt" />
    <None Include="ClassDiagram1.cd" />
  </ItemGroup>
  <ItemGroup>
    <ClInclude Include="stdafx.h">
      <Filter>Header Files</Filter>
    </ClInclude>
    <ClInclude Include="targetver.h">
      <Filter>Header Files</Filter>
    </ClInclude>
    <ClInclude Include="Bishop.h">
      <Filter>Headers</Filter>
    </ClInclude>
    <ClInclude Include="Rook.h">
      <Filter>Headers</Filter>
    </ClInclude>
    <ClInclude Include="Chessdll.h">
      <Filter>Headers</Filter>
    </ClInclude>
    <ClInclude Include="ChessPeice.h">
      <Filter>Headers</Filter>
    </ClInclude>
    <ClInclude Include="Command.h">
      <Filter>Headers</Filter>
    </ClInclude>
    <ClInclude Include="include.h">
      <Filter>Headers</Filter>
    </ClInclude>
    <ClInclude Include="King.h">
      <Filter>Headers</Filter>
    </ClInclude>
    <ClInclude Include="Knight.h">
      <Filter>Headers</Filter>
    </ClInclude>
    <ClInclude Include="Pawn.h">
      <Filter>Headers</Filter>
    </ClInclude>
    <ClInclude Include="Queen.h">
      <Filter>Headers</Filter>
    </ClInclude>
  </ItemGroup>
  <ItemGroup>
    <ClCompile Include="stdafx.cpp">
      <Filter>Source Files</Filter>
    </ClCompile>
    <ClCompile Include="Bishop.cpp">
      <Filter>Source</Filter>
    </ClCompile>
    <ClCompile Include="Chessdll.cpp">
      <Filter>Source</Filter>
    </ClCompile>
    <ClCompile Include="ChessPeice.cpp">
      <Filter>Source</Filter>
    </ClCompile>
    <ClCompile Include="Command.cpp">
      <Filter>Source</Filter>
    </ClCompile>
    <ClCompile Include="dllmain.cpp">
      <Filter>Source</Filter>
    </ClCompile>
    <ClCompile Include="King.cpp">
      <Filter>Source</Filter>
    </ClCompile>
    <ClCompile Include="Knight.cpp">
      <Filter>Source</Filter>
    </ClCompile>
    <ClCompile Include="Pawn.cpp">
      <Filter>Source</Filter>
    </ClCompile>
    <ClCompile Include="Queen.cpp">
      <Filter>Source</Filter>
    </ClCompile>
    <ClCompile Include="Rook.cpp">
      <Filter>Source</Filter>
    </ClCompile>
  </ItemGroup>
</Project>